
Microsoft Visual Studio Solution File, Format Version 12.00
# Visual Studio 15
VisualStudioVersion = 15.0.26403.0
MinimumVisualStudioVersion = 10.0.40219.1
Project("{FAE04EC0-301F-11D3-BF4B-00C04F79EFBC}") = "CarSalesApp", "CarSalesApp\CarSalesApp.csproj", "{6C3E5FC3-1CF5-407F-9ED7-E318F5C403FD}"
EndProject
Project("{FAE04EC0-301F-11D3-BF4B-00C04F79EFBC}") = "CarSalesAngularWeb", "CarSalesAngularWeb\CarSalesAngularWeb.csproj", "{11848E66-D960-4494-A6EC-F8545FD0BB02}"
EndProject
Project("{FAE04EC0-301F-11D3-BF4B-00C04F79EFBC}") = "ApiUnitTestProject", "ApiUnitTestProject\ApiUnitTestProject.csproj", "{A60C3DBE-653B-4CC7-B3D9-82863F448177}"
EndProject
Global
	GlobalSection(SolutionConfigurationPlatforms) = preSolution
		Debug|Any CPU = Debug|Any CPU
		Release|Any CPU = Release|Any CPU
	EndGlobalSection
	GlobalSection(ProjectConfigurationPlatforms) = postSolution
		{6C3E5FC3-1CF5-407F-9ED7-E318F5C403FD}.Debug|Any CPU.ActiveCfg = Debug|Any CPU
		{6C3E5FC3-1CF5-407F-9ED7-E318F5C403FD}.Debug|Any CPU.Build.0 = Debug|Any CPU
		{6C3E5FC3-1CF5-407F-9ED7-E318F5C403FD}.Release|Any CPU.ActiveCfg = Release|Any CPU
		{6C3E5FC3-1CF5-407F-9ED7-E318F5C403FD}.Release|Any CPU.Build.0 = Release|Any CPU
		{11848E66-D960-4494-A6EC-F8545FD0BB02}.Debug|Any CPU.ActiveCfg = Debug|Any CPU
		{11848E66-D960-4494-A6EC-F8545FD0BB02}.Debug|Any CPU.Build.0 = Debug|Any CPU
		{11848E66-D960-4494-A6EC-F8545FD0BB02}.Release|Any CPU.ActiveCfg = Release|Any CPU
		{11848E66-D960-4494-A6EC-F8545FD0BB02}.Release|Any CPU.Build.0 = Release|Any CPU
		{A60C3DBE-653B-4CC7-B3D9-82863F448177}.Debug|Any CPU.ActiveCfg = Debug|Any CPU
		{A60C3DBE-653B-4CC7-B3D9-82863F448177}.Debug|Any CPU.Build.0 = Debug|Any CPU
		{A60C3DBE-653B-4CC7-B3D9-82863F448177}.Release|Any CPU.ActiveCfg = Release|Any CPU
		{A60C3DBE-653B-4CC7-B3D9-82863F448177}.Release|Any CPU.Build.0 = Release|Any CPU
	EndGlobalSection
	GlobalSection(SolutionProperties) = preSolution
		HideSolutionNode = FALSE
	EndGlobalSection
EndGlobal
